
Microsoft Visual Studio Solution File, Format Version 12.00
# Visual Studio 2015
Project("{FAE04EC0-301F-11D3-BF4B-00C04F79EFBC}") = "Oficina-2016.CSharp", "Oficina-2016.CSharp.csproj", "{69F4C4C3-2342-F875-1A1E-B28250518DBB}"
EndProject
Global
	GlobalSection(SolutionConfigurationPlatforms) = preSolution
		Debug|Any CPU = Debug|Any CPU
		Release|Any CPU = Release|Any CPU
	EndGlobalSection
	GlobalSection(ProjectConfigurationPlatforms) = postSolution
		{69F4C4C3-2342-F875-1A1E-B28250518DBB}.Debug|Any CPU.ActiveCfg = Debug|Any CPU
		{69F4C4C3-2342-F875-1A1E-B28250518DBB}.Debug|Any CPU.Build.0 = Debug|Any CPU
		{69F4C4C3-2342-F875-1A1E-B28250518DBB}.Release|Any CPU.ActiveCfg = Release|Any CPU
		{69F4C4C3-2342-F875-1A1E-B28250518DBB}.Release|Any CPU.Build.0 = Release|Any CPU
	EndGlobalSection
	GlobalSection(SolutionProperties) = preSolution
		HideSolutionNode = FALSE
	EndGlobalSection
EndGlobal
